// !$*UTF8*$!
{
	archiveVersion = 1;
	classes = {
	};
	objectVersion = 48;
	objects = {

/* Begin PBXBuildFile section */
		522FA84B1F71AA5500F22438 /* AppDelegate.swift in Sources */ = {isa = PBXBuildFile; fileRef = 522FA84A1F71AA5500F22438 /* AppDelegate.swift */; };
		522FA84D1F71AA5500F22438 /* GameScene.sks in Resources */ = {isa = PBXBuildFile; fileRef = 522FA84C1F71AA5500F22438 /* GameScene.sks */; };
		522FA84F1F71AA5500F22438 /* Actions.sks in Resources */ = {isa = PBXBuildFile; fileRef = 522FA84E1F71AA5500F22438 /* Actions.sks */; };
		522FA8511F71AA5500F22438 /* GameScene.swift in Sources */ = {isa = PBXBuildFile; fileRef = 522FA8501F71AA5500F22438 /* GameScene.swift */; };
		522FA8531F71AA5500F22438 /* GameViewController.swift in Sources */ = {isa = PBXBuildFile; fileRef = 522FA8521F71AA5500F22438 /* GameViewController.swift */; };
		522FA8561F71AA5500F22438 /* Main.storyboard in Resources */ = {isa = PBXBuildFile; fileRef = 522FA8541F71AA5500F22438 /* Main.storyboard */; };
		522FA8581F71AA5500F22438 /* Assets.xcassets in Resources */ = {isa = PBXBuildFile; fileRef = 522FA8571F71AA5500F22438 /* Assets.xcassets */; };
		522FA85B1F71AA5600F22438 /* LaunchScreen.storyboard in Resources */ = {isa = PBXBuildFile; fileRef = 522FA8591F71AA5600F22438 /* LaunchScreen.storyboard */; };
/* End PBXBuildFile section */

/* Begin PBXFileReference section */
		522FA8471F71AA5500F22438 /* Project14.app */ = {isa = PBXFileReference; explicitFileType = wrapper.application; includeInIndex = 0; path = Project14.app; sourceTree = BUILT_PRODUCTS_DIR; };
		522FA84A1F71AA5500F22438 /* AppDelegate.swift */ = {isa = PBXFileReference; lastKnownFileType = sourcecode.swift; path = AppDelegate.swift; sourceTree = "<group>"; };
		522FA84C1F71AA5500F22438 /* GameScene.sks */ = {isa = PBXFileReference; lastKnownFileType = file.sks; path = GameScene.sks; sourceTree = "<group>"; };
		522FA84E1F71AA5500F22438 /* Actions.sks */ = {isa = PBXFileReference; lastKnownFileType = file.sks; path = Actions.sks; sourceTree = "<group>"; };
		522FA8501F71AA5500F22438 /* GameScene.swift */ = {isa = PBXFileReference; lastKnownFileType = sourcecode.swift; path = GameScene.swift; sourceTree = "<group>"; };
		522FA8521F71AA5500F22438 /* GameViewController.swift */ = {isa = PBXFileReference; lastKnownFileType = sourcecode.swift; path = GameViewController.swift; sourceTree = "<group>"; };
		522FA8551F71AA5500F22438 /* Base */ = {isa = PBXFileReference; lastKnownFileType = file.storyboard; name = Base; path = Base.lproj/Main.storyboard; sourceTree = "<group>"; };
		522FA8571F71AA5500F22438 /* Assets.xcassets */ = {isa = PBXFileReference; lastKnownFileType = folder.assetcatalog; path = Assets.xcassets; sourceTree = "<group>"; };
		522FA85A1F71AA5600F22438 /* Base */ = {isa = PBXFileReference; lastKnownFileType = file.storyboard; name = Base; path = Base.lproj/LaunchScreen.storyboard; sourceTree = "<group>"; };
		522FA85C1F71AA5600F22438 /* Info.plist */ = {isa = PBXFileReference; lastKnownFileType = text.plist.xml; path = Info.plist; sourceTree = "<group>"; };
/* End PBXFileReference section */

/* Begin PBXFrameworksBuildPhase section */
		522FA8441F71AA5500F22438 /* Frameworks */ = {
			isa = PBXFrameworksBuildPhase;
			buildActionMask = 2147483647;
			files = (
			);
			runOnlyForDeploymentPostprocessing = 0;
		};
/* End PBXFrameworksBuildPhase section */

/* Begin PBXGroup section */
		522FA83E1F71AA5500F22438 = {
			isa = PBXGroup;
			children = (
				522FA8491F71AA5500F22438 /* Project14 */,
				522FA8481F71AA5500F22438 /* Products */,
			);
			sourceTree = "<group>";
		};
		522FA8481F71AA5500F22438 /* Products */ = {
			isa = PBXGroup;
			children = (
				522FA8471F71AA5500F22438 /* Project14.app */,
			);
			name = Products;
			sourceTree = "<group>";
		};
		522FA8491F71AA5500F22438 /* Project14 */ = {
			isa = PBXGroup;
			children = (
				522FA84A1F71AA5500F22438 /* AppDelegate.swift */,
				522FA84C1F71AA5500F22438 /* GameScene.sks */,
				522FA84E1F71AA5500F22438 /* Actions.sks */,
				522FA8501F71AA5500F22438 /* GameScene.swift */,
				522FA8521F71AA5500F22438 /* GameViewController.swift */,
				522FA8541F71AA5500F22438 /* Main.storyboard */,
				522FA8571F71AA5500F22438 /* Assets.xcassets */,
				522FA8591F71AA5600F22438 /* LaunchScreen.storyboard */,
				522FA85C1F71AA5600F22438 /* Info.plist */,
			);
			path = Project14;
			sourceTree = "<group>";
		};
/* End PBXGroup section */

/* Begin PBXNativeTarget section */
		522FA8461F71AA5500F22438 /* Project14 */ = {
			isa = PBXNativeTarget;
			buildConfigurationList = 522FA85F1F71AA5600F22438 /* Build configuration list for PBXNativeTarget "Project14" */;
			buildPhases = (
				522FA8431F71AA5500F22438 /* Sources */,
				522FA8441F71AA5500F22438 /* Frameworks */,
				522FA8451F71AA5500F22438 /* Resources */,
			);
			buildRules = (
			);
			dependencies = (
			);
			name = Project14;
			productName = Project14;
			productReference = 522FA8471F71AA5500F22438 /* Project14.app */;
			productType = "com.apple.product-type.application";
		};
/* End PBXNativeTarget section */

/* Begin PBXProject section */
		522FA83F1F71AA5500F22438 /* Project object */ = {
			isa = PBXProject;
			attributes = {
				LastSwiftUpdateCheck = 0900;
				LastUpgradeCheck = 0900;
				ORGANIZATIONNAME = "John McNiffe";
				TargetAttributes = {
					522FA8461F71AA5500F22438 = {
						CreatedOnToolsVersion = 9.0;
					};
				};
			};
			buildConfigurationList = 522FA8421F71AA5500F22438 /* Build configuration list for PBXProject "Project14" */;
			compatibilityVersion = "Xcode 8.0";
			developmentRegion = en;
			hasScannedForEncodings = 0;
			knownRegions = (
				en,
				Base,
			);
			mainGroup = 522FA83E1F71AA5500F22438;
			productRefGroup = 522FA8481F71AA5500F22438 /* Products */;
			projectDirPath = "";
			projectRoot = "";
			targets = (
				522FA8461F71AA5500F22438 /* Project14 */,
			);
		};
/* End PBXProject section */

/* Begin PBXResourcesBuildPhase section */
		522FA8451F71AA5500F22438 /* Resources */ = {
			isa = PBXResourcesBuildPhase;
			buildActionMask = 2147483647;
			files = (
				522FA8561F71AA5500F22438 /* Main.storyboard in Resources */,
				522FA84D1F71AA5500F22438 /* GameScene.sks in Resources */,
				522FA8581F71AA5500F22438 /* Assets.xcassets in Resources */,
				522FA85B1F71AA5600F22438 /* LaunchScreen.storyboard in Resources */,
				522FA84F1F71AA5500F22438 /* Actions.sks in Resources */,
			);
			runOnlyForDeploymentPostprocessing = 0;
		};
/* End PBXResourcesBuildPhase section */

/* Begin PBXSourcesBuildPhase section */
		522FA8431F71AA5500F22438 /* Sources */ = {
			isa = PBXSourcesBuildPhase;
			buildActionMask = 2147483647;
			files = (
				522FA8511F71AA5500F22438 /* GameScene.swift in Sources */,
				522FA8531F71AA5500F22438 /* GameViewController.swift in Sources */,
				522FA84B1F71AA5500F22438 /* AppDelegate.swift in Sources */,
			);
			runOnlyForDeploymentPostprocessing = 0;
		};
/* End PBXSourcesBuildPhase section */

/* Begin PBXVariantGroup section */
		522FA8541F71AA5500F22438 /* Main.storyboard */ = {
			isa = PBXVariantGroup;
			children = (
				522FA8551F71AA5500F22438 /* Base */,
			);
			name = Main.storyboard;
			sourceTree = "<group>";
		};
		522FA8591F71AA5600F22438 /* LaunchScreen.storyboard */ = {
			isa = PBXVariantGroup;
			children = (
				522FA85A1F71AA5600F22438 /* Base */,
			);
			name = LaunchScreen.storyboard;
			sourceTree = "<group>";
		};
/* End PBXVariantGroup section */

/* Begin XCBuildConfiguration section */
		522FA85D1F71AA5600F22438 /* Debug */ = {
			isa = XCBuildConfiguration;
			buildSettings = {
				ALWAYS_SEARCH_USER_PATHS = NO;
				CLANG_ANALYZER_NONNULL = YES;
				CLANG_ANALYZER_NUMBER_OBJECT_CONVERSION = YES_AGGRESSIVE;
				CLANG_CXX_LANGUAGE_STANDARD = "gnu++14";
				CLANG_CXX_LIBRARY = "libc++";
				CLANG_ENABLE_MODULES = YES;
				CLANG_ENABLE_OBJC_ARC = YES;
				CLANG_WARN_BLOCK_CAPTURE_AUTORELEASING = YES;
				CLANG_WARN_BOOL_CONVERSION = YES;
				CLANG_WARN_COMMA = YES;
				CLANG_WARN_CONSTANT_CONVERSION = YES;
				CLANG_WARN_DIRECT_OBJC_ISA_USAGE = YES_ERROR;
				CLANG_WARN_DOCUMENTATION_COMMENTS = YES;
				CLANG_WARN_EMPTY_BODY = YES;
				CLANG_WARN_ENUM_CONVERSION = YES;
				CLANG_WARN_INFINITE_RECURSION = YES;
				CLANG_WARN_INT_CONVERSION = YES;
				CLANG_WARN_NON_LITERAL_NULL_CONVERSION = YES;
				CLANG_WARN_OBJC_LITERAL_CONVERSION = YES;
				CLANG_WARN_OBJC_ROOT_CLASS = YES_ERROR;
				CLANG_WARN_RANGE_LOOP_ANALYSIS = YES;
				CLANG_WARN_STRICT_PROTOTYPES = YES;
				CLANG_WARN_SUSPICIOUS_MOVE = YES;
				CLANG_WARN_UNGUARDED_AVAILABILITY = YES_AGGRESSIVE;
				CLANG_WARN_UNREACHABLE_CODE = YES;
				CLANG_WARN__DUPLICATE_METHOD_MATCH = YES;
				CODE_SIGN_IDENTITY = "iPhone Developer";
				COPY_PHASE_STRIP = NO;
				DEBUG_INFORMATION_FORMAT = dwarf;
				ENABLE_STRICT_OBJC_MSGSEND = YES;
				ENABLE_TESTABILITY = YES;
				GCC_C_LANGUAGE_STANDARD = gnu11;
				GCC_DYNAMIC_NO_PIC = NO;
				GCC_NO_COMMON_BLOCKS = YES;
				GCC_OPTIMIZATION_LEVEL = 0;
				GCC_PREPROCESSOR_DEFINITIONS = (
					"DEBUG=1",
					"$(inherited)",
				);
				GCC_WARN_64_TO_32_BIT_CONVERSION = YES;
				GCC_WARN_ABOUT_RETURN_TYPE = YES_ERROR;
				GCC_WARN_UNDECLARED_SELECTOR = YES;
				GCC_WARN_UNINITIALIZED_AUTOS = YES_AGGRESSIVE;
				GCC_WARN_UNUSED_FUNCTION = YES;
				GCC_WARN_UNUSED_VARIABLE = YES;
				IPHONEOS_DEPLOYMENT_TARGET = 11.0;
				MTL_ENABLE_DEBUG_INFO = YES;
				ONLY_ACTIVE_ARCH = YES;
				SDKROOT = iphoneos;
				SWIFT_ACTIVE_COMPILATION_CONDITIONS = DEBUG;
				SWIFT_OPTIMIZATION_LEVEL = "-Onone";
			};
			name = Debug;
		};
		522FA85E1F71AA5600F22438 /* Release */ = {
			isa = XCBuildConfiguration;
			buildSettings = {
				ALWAYS_SEARCH_USER_PATHS = NO;
				CLANG_ANALYZER_NONNULL = YES;
				CLANG_ANALYZER_NUMBER_OBJECT_CONVERSION = YES_AGGRESSIVE;
				CLANG_CXX_LANGUAGE_STANDARD = "gnu++14";
				CLANG_CXX_LIBRARY = "libc++";
				CLANG_ENABLE_MODULES = YES;
				CLANG_ENABLE_OBJC_ARC = YES;
				CLANG_WARN_BLOCK_CAPTURE_AUTORELEASING = YES;
				CLANG_WARN_BOOL_CONVERSION = YES;
				CLANG_WARN_COMMA = YES;
				CLANG_WARN_CONSTANT_CONVERSION = YES;
				CLANG_WARN_DIRECT_OBJC_ISA_USAGE = YES_ERROR;
				CLANG_WARN_DOCUMENTATION_COMMENTS = YES;
				CLANG_WARN_EMPTY_BODY = YES;
				CLANG_WARN_ENUM_CONVERSION = YES;
				CLANG_WARN_INFINITE_RECURSION = YES;
				CLANG_WARN_INT_CONVERSION = YES;
				CLANG_WARN_NON_LITERAL_NULL_CONVERSION = YES;
				CLANG_WARN_OBJC_LITERAL_CONVERSION = YES;
				CLANG_WARN_OBJC_ROOT_CLASS = YES_ERROR;
				CLANG_WARN_RANGE_LOOP_ANALYSIS = YES;
				CLANG_WARN_STRICT_PROTOTYPES = YES;
				CLANG_WARN_SUSPICIOUS_MOVE = YES;
				CLANG_WARN_UNGUARDED_AVAILABILITY = YES_AGGRESSIVE;
				CLANG_WARN_UNREACHABLE_CODE = YES;
				CLANG_WARN__DUPLICATE_METHOD_MATCH = YES;
				CODE_SIGN_IDENTITY = "iPhone Developer";
				COPY_PHASE_STRIP = NO;
				DEBUG_INFORMATION_FORMAT = "dwarf-with-dsym";
				ENABLE_NS_ASSERTIONS = NO;
				ENABLE_STRICT_OBJC_MSGSEND = YES;
				GCC_C_LANGUAGE_STANDARD = gnu11;
				GCC_NO_COMMON_BLOCKS = YES;
				GCC_WARN_64_TO_32_BIT_CONVERSION = YES;
				GCC_WARN_ABOUT_RETURN_TYPE = YES_ERROR;
				GCC_WARN_UNDECLARED_SELECTOR = YES;
				GCC_WARN_UNINITIALIZED_AUTOS = YES_AGGRESSIVE;
				GCC_WARN_UNUSED_FUNCTION = YES;
				GCC_WARN_UNUSED_VARIABLE = YES;
				IPHONEOS_DEPLOYMENT_TARGET = 11.0;
				MTL_ENABLE_DEBUG_INFO = NO;
				SDKROOT = iphoneos;
				SWIFT_OPTIMIZATION_LEVEL = "-Owholemodule";
				VALIDATE_PRODUCT = YES;
			};
			name = Release;
		};
		522FA8601F71AA5600F22438 /* Debug */ = {
			isa = XCBuildConfiguration;
			buildSettings = {
				ASSETCATALOG_COMPILER_APPICON_NAME = AppIcon;
				DEVELOPMENT_TEAM = SW7JTJMJ34;
				INFOPLIST_FILE = Project14/Info.plist;
				LD_RUNPATH_SEARCH_PATHS = "$(inherited) @executable_path/Frameworks";
				PRODUCT_BUNDLE_IDENTIFIER = com.mcniffe.Project14;
				PRODUCT_NAME = "$(TARGET_NAME)";
				SWIFT_VERSION = 4.0;
				TARGETED_DEVICE_FAMILY = "1,2";
			};
			name = Debug;
		};
		522FA8611F71AA5600F22438 /* Release */ = {
			isa = XCBuildConfiguration;
			buildSettings = {
				ASSETCATALOG_COMPILER_APPICON_NAME = AppIcon;
				DEVELOPMENT_TEAM = SW7JTJMJ34;
				INFOPLIST_FILE = Project14/Info.plist;
				LD_RUNPATH_SEARCH_PATHS = "$(inherited) @executable_path/Frameworks";
				PRODUCT_BUNDLE_IDENTIFIER = com.mcniffe.Project14;
				PRODUCT_NAME = "$(TARGET_NAME)";
				SWIFT_VERSION = 4.0;
				TARGETED_DEVICE_FAMILY = "1,2";
			};
			name = Release;
		};
/* End XCBuildConfiguration section */

/* Begin XCConfigurationList section */
		522FA8421F71AA5500F22438 /* Build configuration list for PBXProject "Project14" */ = {
			isa = XCConfigurationList;
			buildConfigurations = (
				522FA85D1F71AA5600F22438 /* Debug */,
				522FA85E1F71AA5600F22438 /* Release */,
			);
			defaultConfigurationIsVisible = 0;
			defaultConfigurationName = Release;
		};
		522FA85F1F71AA5600F22438 /* Build configuration list for PBXNativeTarget "Project14" */ = {
			isa = XCConfigurationList;
			buildConfigurations = (
				522FA8601F71AA5600F22438 /* Debug */,
				522FA8611F71AA5600F22438 /* Release */,
			);
			defaultConfigurationIsVisible = 0;
			defaultConfigurationName = Release;
		};
/* End XCConfigurationList section */
	};
	rootObject = 522FA83F1F71AA5500F22438 /* Project object */;
}
